
Microsoft Visual Studio Solution File, Format Version 12.00
# Visual Studio Version 17
VisualStudioVersion = 17.11.35327.3
MinimumVisualStudioVersion = 10.0.40219.1
Project("{FAE04EC0-301F-11D3-BF4B-00D04F79EFBC}") = "MunicipalityApp", "MunicipalityApp.csproj", "{63A4EFC7-8B37-42C2-92B4-35D40E6C4DB2}"
EndProject
Global
	GlobalSection(SolutionConfigurationPlatforms) = preSolution
		Debug|Any CPU = Debug|Any CPU
		Release|Any CPU = Release|Any CPU
	EndGlobalSection
	GlobalSection(ProjectConfigurationPlatforms) = postSolution
		{63A4EFC7-8B37-42C2-92B4-35D40E6C4DB2}.Debug|Any CPU.ActiveCfg = Debug|Any CPU
		{63A4EFC7-8B37-42C2-92B4-35D40E6C4DB2}.Debug|Any CPU.Build.0 = Debug|Any CPU
		{63A4EFC7-8B37-42C2-92B4-35D40E6C4DB2}.Release|Any CPU.ActiveCfg = Release|Any CPU
		{63A4EFC7-8B37-42C2-92B4-35D40E6C4DB2}.Release|Any CPU.Build.0 = Release|Any CPU
	EndGlobalSection
	GlobalSection(SolutionProperties) = preSolution
		HideSolutionNode = FALSE
	EndGlobalSection
	GlobalSection(ExtensibilityGlobals) = postSolution
		SolutionGuid = {A28344A4-483F-4152-A31A-E7A294F1DFE7}
	EndGlobalSection
EndGlobal
